
Microsoft Visual Studio Solution File, Format Version 12.00
# Visual Studio 15
VisualStudioVersion = 15.0.26730.8
MinimumVisualStudioVersion = 10.0.40219.1
Project("{FAE04EC0-301F-11D3-BF4B-00C04F79EFBC}") = "EfPerformanceLab", "EfPerformanceLab\EfPerformanceLab.csproj", "{12DEE858-F809-40BE-9AF5-19ACBB184E0B}"
EndProject
Global
	GlobalSection(SolutionConfigurationPlatforms) = preSolution
		Debug|Any CPU = Debug|Any CPU
		Release|Any CPU = Release|Any CPU
	EndGlobalSection
	GlobalSection(ProjectConfigurationPlatforms) = postSolution
		{12DEE858-F809-40BE-9AF5-19ACBB184E0B}.Debug|Any CPU.ActiveCfg = Debug|Any CPU
		{12DEE858-F809-40BE-9AF5-19ACBB184E0B}.Debug|Any CPU.Build.0 = Debug|Any CPU
		{12DEE858-F809-40BE-9AF5-19ACBB184E0B}.Release|Any CPU.ActiveCfg = Release|Any CPU
		{12DEE858-F809-40BE-9AF5-19ACBB184E0B}.Release|Any CPU.Build.0 = Release|Any CPU
	EndGlobalSection
	GlobalSection(SolutionProperties) = preSolution
		HideSolutionNode = FALSE
	EndGlobalSection
	GlobalSection(ExtensibilityGlobals) = postSolution
		SolutionGuid = {34051EB6-895A-4952-807A-58506D3A1571}
	EndGlobalSection
EndGlobal
